
Microsoft Visual Studio Solution File, Format Version 12.00
# Visual Studio Version 17
VisualStudioVersion = 17.1.32228.430
MinimumVisualStudioVersion = 10.0.40219.1
Project("{FAE04EC0-301F-11D3-BF4B-00C04F79EFBC}") = "RegexPatternProblems", "RegexPatternProblems.csproj", "{87C07EC5-E61F-40DB-B709-5E0D002A8E0F}"
EndProject
Global
	GlobalSection(SolutionConfigurationPlatforms) = preSolution
		Debug|Any CPU = Debug|Any CPU
		Release|Any CPU = Release|Any CPU
	EndGlobalSection
	GlobalSection(ProjectConfigurationPlatforms) = postSolution
		{87C07EC5-E61F-40DB-B709-5E0D002A8E0F}.Debug|Any CPU.ActiveCfg = Debug|Any CPU
		{87C07EC5-E61F-40DB-B709-5E0D002A8E0F}.Debug|Any CPU.Build.0 = Debug|Any CPU
		{87C07EC5-E61F-40DB-B709-5E0D002A8E0F}.Release|Any CPU.ActiveCfg = Release|Any CPU
		{87C07EC5-E61F-40DB-B709-5E0D002A8E0F}.Release|Any CPU.Build.0 = Release|Any CPU
	EndGlobalSection
	GlobalSection(SolutionProperties) = preSolution
		HideSolutionNode = FALSE
	EndGlobalSection
	GlobalSection(ExtensibilityGlobals) = postSolution
		SolutionGuid = {9303B452-25DE-4127-BD03-552D4E623F23}
	EndGlobalSection
EndGlobal
